{
  "name": "@shapeshift-labs/frontier-lang-rust",
  "version": "0.1.0",
  "lockfileVersion": 3,
  "requires": true,
  "packages": {
    "": {
      "name": "@shapeshift-labs/frontier-lang-rust",
      "version": "0.1.0",
      "license": "MIT",
      "dependencies": {
        "@shapeshift-labs/frontier-lang-kernel": "0.2.0"
      }
    },
    "../-shapeshift-labs-frontier-lang-kernel": {
      "name": "@shapeshift-labs/frontier-lang-kernel",
      "version": "0.2.0",
      "license": "MIT"
    },
    "node_modules/@shapeshift-labs/frontier-lang-kernel": {
      "resolved": "../-shapeshift-labs-frontier-lang-kernel",
      "link": true
    }
  }
}
